// !$*UTF8*$!
{
	archiveVersion = 1;
	classes = {
	};
	objectVersion = 56;
	objects = {

/* Begin PBXBuildFile section */
		7A23CB8729E4EE7F00E477FD /* Character.swift in Sources */ = {isa = PBXBuildFile; fileRef = 7A23CB8629E4EE7F00E477FD /* Character.swift */; };
		7A23CB8A29E4EEC700E477FD /* Location.swift in Sources */ = {isa = PBXBuildFile; fileRef = 7A23CB8929E4EEC700E477FD /* Location.swift */; };
		7A23CB8C29E4EECD00E477FD /* Episode.swift in Sources */ = {isa = PBXBuildFile; fileRef = 7A23CB8B29E4EECD00E477FD /* Episode.swift */; };
		7A50E0E929E4515C00E685C7 /* Rick_and_Morty_AppApp.swift in Sources */ = {isa = PBXBuildFile; fileRef = 7A50E0E829E4515C00E685C7 /* Rick_and_Morty_AppApp.swift */; };
		7A50E0EB29E4515C00E685C7 /* ContentView.swift in Sources */ = {isa = PBXBuildFile; fileRef = 7A50E0EA29E4515C00E685C7 /* ContentView.swift */; };
		7A50E0ED29E4515E00E685C7 /* Assets.xcassets in Resources */ = {isa = PBXBuildFile; fileRef = 7A50E0EC29E4515E00E685C7 /* Assets.xcassets */; };
		7A50E0F029E4515E00E685C7 /* Preview Assets.xcassets in Resources */ = {isa = PBXBuildFile; fileRef = 7A50E0EF29E4515E00E685C7 /* Preview Assets.xcassets */; };
		7A50E0FA29E4515E00E685C7 /* Rick_and_Morty_AppTests.swift in Sources */ = {isa = PBXBuildFile; fileRef = 7A50E0F929E4515E00E685C7 /* Rick_and_Morty_AppTests.swift */; };
		7A50E10429E4515E00E685C7 /* Rick_and_Morty_AppUITests.swift in Sources */ = {isa = PBXBuildFile; fileRef = 7A50E10329E4515E00E685C7 /* Rick_and_Morty_AppUITests.swift */; };
		7A50E10629E4515E00E685C7 /* Rick_and_Morty_AppUITestsLaunchTests.swift in Sources */ = {isa = PBXBuildFile; fileRef = 7A50E10529E4515E00E685C7 /* Rick_and_Morty_AppUITestsLaunchTests.swift */; };
		7A50E11329E451ED00E685C7 /* Networking.swift in Sources */ = {isa = PBXBuildFile; fileRef = 7A50E11229E451ED00E685C7 /* Networking.swift */; };
		7A50E11629E4521500E685C7 /* NetworkingTest.swift in Sources */ = {isa = PBXBuildFile; fileRef = 7A50E11529E4521500E685C7 /* NetworkingTest.swift */; };
		7A50E11829E45A9800E685C7 /* BaseResponse.swift in Sources */ = {isa = PBXBuildFile; fileRef = 7A50E11729E45A9800E685C7 /* BaseResponse.swift */; };
		7A57516E29E6455900C9CE7F /* CharacterListScreen.swift in Sources */ = {isa = PBXBuildFile; fileRef = 7A57516D29E6455900C9CE7F /* CharacterListScreen.swift */; };
		7A57517129E6456E00C9CE7F /* CharacterDetailScreen.swift in Sources */ = {isa = PBXBuildFile; fileRef = 7A57517029E6456E00C9CE7F /* CharacterDetailScreen.swift */; };
		7A57517329E6457A00C9CE7F /* LocationListScreen.swift in Sources */ = {isa = PBXBuildFile; fileRef = 7A57517229E6457A00C9CE7F /* LocationListScreen.swift */; };
		7A57517529E6458200C9CE7F /* LocationDetailScreen.swift in Sources */ = {isa = PBXBuildFile; fileRef = 7A57517429E6458200C9CE7F /* LocationDetailScreen.swift */; };
		7A57517729E6458D00C9CE7F /* EpisodeListScreen.swift in Sources */ = {isa = PBXBuildFile; fileRef = 7A57517629E6458D00C9CE7F /* EpisodeListScreen.swift */; };
		7A57517929E6459500C9CE7F /* EpisodeDetailScreen.swift in Sources */ = {isa = PBXBuildFile; fileRef = 7A57517829E6459500C9CE7F /* EpisodeDetailScreen.swift */; };
		7A57517D29E645B900C9CE7F /* CharacterRowView.swift in Sources */ = {isa = PBXBuildFile; fileRef = 7A57517C29E645B900C9CE7F /* CharacterRowView.swift */; };
		7A57517F29E645C000C9CE7F /* LocationRowView.swift in Sources */ = {isa = PBXBuildFile; fileRef = 7A57517E29E645C000C9CE7F /* LocationRowView.swift */; };
		7A57518129E645CF00C9CE7F /* EpisodeRowView.swift in Sources */ = {isa = PBXBuildFile; fileRef = 7A57518029E645CF00C9CE7F /* EpisodeRowView.swift */; };
		7A57518329E648CD00C9CE7F /* CharacterFilterScreen.swift in Sources */ = {isa = PBXBuildFile; fileRef = 7A57518229E648CD00C9CE7F /* CharacterFilterScreen.swift */; };
		7A9789A429E7258200BECE94 /* TagLayout.swift in Sources */ = {isa = PBXBuildFile; fileRef = 7A9789A329E7258200BECE94 /* TagLayout.swift */; };
/* End PBXBuildFile section */

/* Begin PBXContainerItemProxy section */
		7A50E0F629E4515E00E685C7 /* PBXContainerItemProxy */ = {
			isa = PBXContainerItemProxy;
			containerPortal = 7A50E0DD29E4515B00E685C7 /* Project object */;
			proxyType = 1;
			remoteGlobalIDString = 7A50E0E429E4515C00E685C7;
			remoteInfo = "Rick-and-Morty-App";
		};
		7A50E10029E4515E00E685C7 /* PBXContainerItemProxy */ = {
			isa = PBXContainerItemProxy;
			containerPortal = 7A50E0DD29E4515B00E685C7 /* Project object */;
			proxyType = 1;
			remoteGlobalIDString = 7A50E0E429E4515C00E685C7;
			remoteInfo = "Rick-and-Morty-App";
		};
/* End PBXContainerItemProxy section */

/* Begin PBXFileReference section */
		7A23CB8629E4EE7F00E477FD /* Character.swift */ = {isa = PBXFileReference; lastKnownFileType = sourcecode.swift; path = Character.swift; sourceTree = "<group>"; };
		7A23CB8929E4EEC700E477FD /* Location.swift */ = {isa = PBXFileReference; lastKnownFileType = sourcecode.swift; path = Location.swift; sourceTree = "<group>"; };
		7A23CB8B29E4EECD00E477FD /* Episode.swift */ = {isa = PBXFileReference; lastKnownFileType = sourcecode.swift; path = Episode.swift; sourceTree = "<group>"; };
		7A50E0E529E4515C00E685C7 /* Rick-and-Morty-App.app */ = {isa = PBXFileReference; explicitFileType = wrapper.application; includeInIndex = 0; path = "Rick-and-Morty-App.app"; sourceTree = BUILT_PRODUCTS_DIR; };
		7A50E0E829E4515C00E685C7 /* Rick_and_Morty_AppApp.swift */ = {isa = PBXFileReference; lastKnownFileType = sourcecode.swift; path = Rick_and_Morty_AppApp.swift; sourceTree = "<group>"; };
		7A50E0EA29E4515C00E685C7 /* ContentView.swift */ = {isa = PBXFileReference; lastKnownFileType = sourcecode.swift; path = ContentView.swift; sourceTree = "<group>"; };
		7A50E0EC29E4515E00E685C7 /* Assets.xcassets */ = {isa = PBXFileReference; lastKnownFileType = folder.assetcatalog; path = Assets.xcassets; sourceTree = "<group>"; };
		7A50E0EF29E4515E00E685C7 /* Preview Assets.xcassets */ = {isa = PBXFileReference; lastKnownFileType = folder.assetcatalog; path = "Preview Assets.xcassets"; sourceTree = "<group>"; };
		7A50E0F529E4515E00E685C7 /* Rick-and-Morty-AppTests.xctest */ = {isa = PBXFileReference; explicitFileType = wrapper.cfbundle; includeInIndex = 0; path = "Rick-and-Morty-AppTests.xctest"; sourceTree = BUILT_PRODUCTS_DIR; };
		7A50E0F929E4515E00E685C7 /* Rick_and_Morty_AppTests.swift */ = {isa = PBXFileReference; lastKnownFileType = sourcecode.swift; path = Rick_and_Morty_AppTests.swift; sourceTree = "<group>"; };
		7A50E0FF29E4515E00E685C7 /* Rick-and-Morty-AppUITests.xctest */ = {isa = PBXFileReference; explicitFileType = wrapper.cfbundle; includeInIndex = 0; path = "Rick-and-Morty-AppUITests.xctest"; sourceTree = BUILT_PRODUCTS_DIR; };
		7A50E10329E4515E00E685C7 /* Rick_and_Morty_AppUITests.swift */ = {isa = PBXFileReference; lastKnownFileType = sourcecode.swift; path = Rick_and_Morty_AppUITests.swift; sourceTree = "<group>"; };
		7A50E10529E4515E00E685C7 /* Rick_and_Morty_AppUITestsLaunchTests.swift */ = {isa = PBXFileReference; lastKnownFileType = sourcecode.swift; path = Rick_and_Morty_AppUITestsLaunchTests.swift; sourceTree = "<group>"; };
		7A50E11229E451ED00E685C7 /* Networking.swift */ = {isa = PBXFileReference; lastKnownFileType = sourcecode.swift; path = Networking.swift; sourceTree = "<group>"; };
		7A50E11529E4521500E685C7 /* NetworkingTest.swift */ = {isa = PBXFileReference; lastKnownFileType = sourcecode.swift; path = NetworkingTest.swift; sourceTree = "<group>"; };
		7A50E11729E45A9800E685C7 /* BaseResponse.swift */ = {isa = PBXFileReference; lastKnownFileType = sourcecode.swift; path = BaseResponse.swift; sourceTree = "<group>"; };
		7A57516D29E6455900C9CE7F /* CharacterListScreen.swift */ = {isa = PBXFileReference; lastKnownFileType = sourcecode.swift; path = CharacterListScreen.swift; sourceTree = "<group>"; };
		7A57517029E6456E00C9CE7F /* CharacterDetailScreen.swift */ = {isa = PBXFileReference; lastKnownFileType = sourcecode.swift; path = CharacterDetailScreen.swift; sourceTree = "<group>"; };
		7A57517229E6457A00C9CE7F /* LocationListScreen.swift */ = {isa = PBXFileReference; lastKnownFileType = sourcecode.swift; path = LocationListScreen.swift; sourceTree = "<group>"; };
		7A57517429E6458200C9CE7F /* LocationDetailScreen.swift */ = {isa = PBXFileReference; lastKnownFileType = sourcecode.swift; path = LocationDetailScreen.swift; sourceTree = "<group>"; };
		7A57517629E6458D00C9CE7F /* EpisodeListScreen.swift */ = {isa = PBXFileReference; lastKnownFileType = sourcecode.swift; path = EpisodeListScreen.swift; sourceTree = "<group>"; };
		7A57517829E6459500C9CE7F /* EpisodeDetailScreen.swift */ = {isa = PBXFileReference; lastKnownFileType = sourcecode.swift; path = EpisodeDetailScreen.swift; sourceTree = "<group>"; };
		7A57517C29E645B900C9CE7F /* CharacterRowView.swift */ = {isa = PBXFileReference; lastKnownFileType = sourcecode.swift; path = CharacterRowView.swift; sourceTree = "<group>"; };
		7A57517E29E645C000C9CE7F /* LocationRowView.swift */ = {isa = PBXFileReference; lastKnownFileType = sourcecode.swift; path = LocationRowView.swift; sourceTree = "<group>"; };
		7A57518029E645CF00C9CE7F /* EpisodeRowView.swift */ = {isa = PBXFileReference; lastKnownFileType = sourcecode.swift; path = EpisodeRowView.swift; sourceTree = "<group>"; };
		7A57518229E648CD00C9CE7F /* CharacterFilterScreen.swift */ = {isa = PBXFileReference; lastKnownFileType = sourcecode.swift; path = CharacterFilterScreen.swift; sourceTree = "<group>"; };
		7A9789A329E7258200BECE94 /* TagLayout.swift */ = {isa = PBXFileReference; lastKnownFileType = sourcecode.swift; path = TagLayout.swift; sourceTree = "<group>"; };
/* End PBXFileReference section */

/* Begin PBXFrameworksBuildPhase section */
		7A50E0E229E4515C00E685C7 /* Frameworks */ = {
			isa = PBXFrameworksBuildPhase;
			buildActionMask = 2147483647;
			files = (
			);
			runOnlyForDeploymentPostprocessing = 0;
		};
		7A50E0F229E4515E00E685C7 /* Frameworks */ = {
			isa = PBXFrameworksBuildPhase;
			buildActionMask = 2147483647;
			files = (
			);
			runOnlyForDeploymentPostprocessing = 0;
		};
		7A50E0FC29E4515E00E685C7 /* Frameworks */ = {
			isa = PBXFrameworksBuildPhase;
			buildActionMask = 2147483647;
			files = (
			);
			runOnlyForDeploymentPostprocessing = 0;
		};
/* End PBXFrameworksBuildPhase section */

/* Begin PBXGroup section */
		7A23CB8829E4EE8B00E477FD /* Model */ = {
			isa = PBXGroup;
			children = (
				7A23CB8629E4EE7F00E477FD /* Character.swift */,
				7A23CB8929E4EEC700E477FD /* Location.swift */,
				7A23CB8B29E4EECD00E477FD /* Episode.swift */,
			);
			path = Model;
			sourceTree = "<group>";
		};
		7A50E0DC29E4515B00E685C7 = {
			isa = PBXGroup;
			children = (
				7A50E0E729E4515C00E685C7 /* Rick-and-Morty-App */,
				7A50E0F829E4515E00E685C7 /* Rick-and-Morty-AppTests */,
				7A50E10229E4515E00E685C7 /* Rick-and-Morty-AppUITests */,
				7A50E0E629E4515C00E685C7 /* Products */,
			);
			sourceTree = "<group>";
		};
		7A50E0E629E4515C00E685C7 /* Products */ = {
			isa = PBXGroup;
			children = (
				7A50E0E529E4515C00E685C7 /* Rick-and-Morty-App.app */,
				7A50E0F529E4515E00E685C7 /* Rick-and-Morty-AppTests.xctest */,
				7A50E0FF29E4515E00E685C7 /* Rick-and-Morty-AppUITests.xctest */,
			);
			name = Products;
			sourceTree = "<group>";
		};
		7A50E0E729E4515C00E685C7 /* Rick-and-Morty-App */ = {
			isa = PBXGroup;
			children = (
				7A50E0E829E4515C00E685C7 /* Rick_and_Morty_AppApp.swift */,
				7A50E11429E451F600E685C7 /* Resources */,
				7A23CB8829E4EE8B00E477FD /* Model */,
				7A57516C29E6454800C9CE7F /* View */,
				7A50E0EC29E4515E00E685C7 /* Assets.xcassets */,
				7A50E0EE29E4515E00E685C7 /* Preview Content */,
			);
			path = "Rick-and-Morty-App";
			sourceTree = "<group>";
		};
		7A50E0EE29E4515E00E685C7 /* Preview Content */ = {
			isa = PBXGroup;
			children = (
				7A50E0EF29E4515E00E685C7 /* Preview Assets.xcassets */,
			);
			path = "Preview Content";
			sourceTree = "<group>";
		};
		7A50E0F829E4515E00E685C7 /* Rick-and-Morty-AppTests */ = {
			isa = PBXGroup;
			children = (
				7A50E0F929E4515E00E685C7 /* Rick_and_Morty_AppTests.swift */,
				7A50E11529E4521500E685C7 /* NetworkingTest.swift */,
			);
			path = "Rick-and-Morty-AppTests";
			sourceTree = "<group>";
		};
		7A50E10229E4515E00E685C7 /* Rick-and-Morty-AppUITests */ = {
			isa = PBXGroup;
			children = (
				7A50E10329E4515E00E685C7 /* Rick_and_Morty_AppUITests.swift */,
				7A50E10529E4515E00E685C7 /* Rick_and_Morty_AppUITestsLaunchTests.swift */,
			);
			path = "Rick-and-Morty-AppUITests";
			sourceTree = "<group>";
		};
		7A50E11429E451F600E685C7 /* Resources */ = {
			isa = PBXGroup;
			children = (
				7A50E11229E451ED00E685C7 /* Networking.swift */,
				7A50E11729E45A9800E685C7 /* BaseResponse.swift */,
			);
			path = Resources;
			sourceTree = "<group>";
		};
		7A57516C29E6454800C9CE7F /* View */ = {
			isa = PBXGroup;
			children = (
				7A50E0EA29E4515C00E685C7 /* ContentView.swift */,
				7A57516F29E6455F00C9CE7F /* Character */,
				7A57517B29E645A300C9CE7F /* Location */,
				7A57517A29E6459B00C9CE7F /* Episode */,
				7A9789A229E7256800BECE94 /* Helper */,
			);
			path = View;
			sourceTree = "<group>";
		};
		7A57516F29E6455F00C9CE7F /* Character */ = {
			isa = PBXGroup;
			children = (
				7A57516D29E6455900C9CE7F /* CharacterListScreen.swift */,
				7A57518229E648CD00C9CE7F /* CharacterFilterScreen.swift */,
				7A57517C29E645B900C9CE7F /* CharacterRowView.swift */,
				7A57517029E6456E00C9CE7F /* CharacterDetailScreen.swift */,
			);
			path = Character;
			sourceTree = "<group>";
		};
		7A57517A29E6459B00C9CE7F /* Episode */ = {
			isa = PBXGroup;
			children = (
				7A57517629E6458D00C9CE7F /* EpisodeListScreen.swift */,
				7A57518029E645CF00C9CE7F /* EpisodeRowView.swift */,
				7A57517829E6459500C9CE7F /* EpisodeDetailScreen.swift */,
			);
			path = Episode;
			sourceTree = "<group>";
		};
		7A57517B29E645A300C9CE7F /* Location */ = {
			isa = PBXGroup;
			children = (
				7A57517229E6457A00C9CE7F /* LocationListScreen.swift */,
				7A57517E29E645C000C9CE7F /* LocationRowView.swift */,
				7A57517429E6458200C9CE7F /* LocationDetailScreen.swift */,
			);
			path = Location;
			sourceTree = "<group>";
		};
		7A9789A229E7256800BECE94 /* Helper */ = {
			isa = PBXGroup;
			children = (
				7A9789A329E7258200BECE94 /* TagLayout.swift */,
			);
			path = Helper;
			sourceTree = "<group>";
		};
/* End PBXGroup section */

/* Begin PBXNativeTarget section */
		7A50E0E429E4515C00E685C7 /* Rick-and-Morty-App */ = {
			isa = PBXNativeTarget;
			buildConfigurationList = 7A50E10929E4515E00E685C7 /* Build configuration list for PBXNativeTarget "Rick-and-Morty-App" */;
			buildPhases = (
				7A50E0E129E4515C00E685C7 /* Sources */,
				7A50E0E229E4515C00E685C7 /* Frameworks */,
				7A50E0E329E4515C00E685C7 /* Resources */,
			);
			buildRules = (
			);
			dependencies = (
			);
			name = "Rick-and-Morty-App";
			productName = "Rick-and-Morty-App";
			productReference = 7A50E0E529E4515C00E685C7 /* Rick-and-Morty-App.app */;
			productType = "com.apple.product-type.application";
		};
		7A50E0F429E4515E00E685C7 /* Rick-and-Morty-AppTests */ = {
			isa = PBXNativeTarget;
			buildConfigurationList = 7A50E10C29E4515E00E685C7 /* Build configuration list for PBXNativeTarget "Rick-and-Morty-AppTests" */;
			buildPhases = (
				7A50E0F129E4515E00E685C7 /* Sources */,
				7A50E0F229E4515E00E685C7 /* Frameworks */,
				7A50E0F329E4515E00E685C7 /* Resources */,
			);
			buildRules = (
			);
			dependencies = (
				7A50E0F729E4515E00E685C7 /* PBXTargetDependency */,
			);
			name = "Rick-and-Morty-AppTests";
			productName = "Rick-and-Morty-AppTests";
			productReference = 7A50E0F529E4515E00E685C7 /* Rick-and-Morty-AppTests.xctest */;
			productType = "com.apple.product-type.bundle.unit-test";
		};
		7A50E0FE29E4515E00E685C7 /* Rick-and-Morty-AppUITests */ = {
			isa = PBXNativeTarget;
			buildConfigurationList = 7A50E10F29E4515E00E685C7 /* Build configuration list for PBXNativeTarget "Rick-and-Morty-AppUITests" */;
			buildPhases = (
				7A50E0FB29E4515E00E685C7 /* Sources */,
				7A50E0FC29E4515E00E685C7 /* Frameworks */,
				7A50E0FD29E4515E00E685C7 /* Resources */,
			);
			buildRules = (
			);
			dependencies = (
				7A50E10129E4515E00E685C7 /* PBXTargetDependency */,
			);
			name = "Rick-and-Morty-AppUITests";
			productName = "Rick-and-Morty-AppUITests";
			productReference = 7A50E0FF29E4515E00E685C7 /* Rick-and-Morty-AppUITests.xctest */;
			productType = "com.apple.product-type.bundle.ui-testing";
		};
/* End PBXNativeTarget section */

/* Begin PBXProject section */
		7A50E0DD29E4515B00E685C7 /* Project object */ = {
			isa = PBXProject;
			attributes = {
				BuildIndependentTargetsInParallel = 1;
				LastSwiftUpdateCheck = 1420;
				LastUpgradeCheck = 1420;
				TargetAttributes = {
					7A50E0E429E4515C00E685C7 = {
						CreatedOnToolsVersion = 14.2;
					};
					7A50E0F429E4515E00E685C7 = {
						CreatedOnToolsVersion = 14.2;
						TestTargetID = 7A50E0E429E4515C00E685C7;
					};
					7A50E0FE29E4515E00E685C7 = {
						CreatedOnToolsVersion = 14.2;
						TestTargetID = 7A50E0E429E4515C00E685C7;
					};
				};
			};
			buildConfigurationList = 7A50E0E029E4515B00E685C7 /* Build configuration list for PBXProject "Rick-and-Morty-App" */;
			compatibilityVersion = "Xcode 14.0";
			developmentRegion = en;
			hasScannedForEncodings = 0;
			knownRegions = (
				en,
				Base,
			);
			mainGroup = 7A50E0DC29E4515B00E685C7;
			productRefGroup = 7A50E0E629E4515C00E685C7 /* Products */;
			projectDirPath = "";
			projectRoot = "";
			targets = (
				7A50E0E429E4515C00E685C7 /* Rick-and-Morty-App */,
				7A50E0F429E4515E00E685C7 /* Rick-and-Morty-AppTests */,
				7A50E0FE29E4515E00E685C7 /* Rick-and-Morty-AppUITests */,
			);
		};
/* End PBXProject section */

/* Begin PBXResourcesBuildPhase section */
		7A50E0E329E4515C00E685C7 /* Resources */ = {
			isa = PBXResourcesBuildPhase;
			buildActionMask = 2147483647;
			files = (
				7A50E0F029E4515E00E685C7 /* Preview Assets.xcassets in Resources */,
				7A50E0ED29E4515E00E685C7 /* Assets.xcassets in Resources */,
			);
			runOnlyForDeploymentPostprocessing = 0;
		};
		7A50E0F329E4515E00E685C7 /* Resources */ = {
			isa = PBXResourcesBuildPhase;
			buildActionMask = 2147483647;
			files = (
			);
			runOnlyForDeploymentPostprocessing = 0;
		};
		7A50E0FD29E4515E00E685C7 /* Resources */ = {
			isa = PBXResourcesBuildPhase;
			buildActionMask = 2147483647;
			files = (
			);
			runOnlyForDeploymentPostprocessing = 0;
		};
/* End PBXResourcesBuildPhase section */

/* Begin PBXSourcesBuildPhase section */
		7A50E0E129E4515C00E685C7 /* Sources */ = {
			isa = PBXSourcesBuildPhase;
			buildActionMask = 2147483647;
			files = (
				7A57517129E6456E00C9CE7F /* CharacterDetailScreen.swift in Sources */,
				7A50E11329E451ED00E685C7 /* Networking.swift in Sources */,
				7A57517F29E645C000C9CE7F /* LocationRowView.swift in Sources */,
				7A23CB8729E4EE7F00E477FD /* Character.swift in Sources */,
				7A23CB8C29E4EECD00E477FD /* Episode.swift in Sources */,
				7A57518329E648CD00C9CE7F /* CharacterFilterScreen.swift in Sources */,
				7A57517329E6457A00C9CE7F /* LocationListScreen.swift in Sources */,
				7A57517729E6458D00C9CE7F /* EpisodeListScreen.swift in Sources */,
				7A57517529E6458200C9CE7F /* LocationDetailScreen.swift in Sources */,
				7A57517929E6459500C9CE7F /* EpisodeDetailScreen.swift in Sources */,
				7A50E0EB29E4515C00E685C7 /* ContentView.swift in Sources */,
				7A50E0E929E4515C00E685C7 /* Rick_and_Morty_AppApp.swift in Sources */,
				7A23CB8A29E4EEC700E477FD /* Location.swift in Sources */,
				7A57518129E645CF00C9CE7F /* EpisodeRowView.swift in Sources */,
				7A50E11829E45A9800E685C7 /* BaseResponse.swift in Sources */,
				7A57517D29E645B900C9CE7F /* CharacterRowView.swift in Sources */,
				7A9789A429E7258200BECE94 /* TagLayout.swift in Sources */,
				7A57516E29E6455900C9CE7F /* CharacterListScreen.swift in Sources */,
			);
			runOnlyForDeploymentPostprocessing = 0;
		};
		7A50E0F129E4515E00E685C7 /* Sources */ = {
			isa = PBXSourcesBuildPhase;
			buildActionMask = 2147483647;
			files = (
				7A50E0FA29E4515E00E685C7 /* Rick_and_Morty_AppTests.swift in Sources */,
				7A50E11629E4521500E685C7 /* NetworkingTest.swift in Sources */,
			);
			runOnlyForDeploymentPostprocessing = 0;
		};
		7A50E0FB29E4515E00E685C7 /* Sources */ = {
			isa = PBXSourcesBuildPhase;
			buildActionMask = 2147483647;
			files = (
				7A50E10429E4515E00E685C7 /* Rick_and_Morty_AppUITests.swift in Sources */,
				7A50E10629E4515E00E685C7 /* Rick_and_Morty_AppUITestsLaunchTests.swift in Sources */,
			);
			runOnlyForDeploymentPostprocessing = 0;
		};
/* End PBXSourcesBuildPhase section */

/* Begin PBXTargetDependency section */
		7A50E0F729E4515E00E685C7 /* PBXTargetDependency */ = {
			isa = PBXTargetDependency;
			target = 7A50E0E429E4515C00E685C7 /* Rick-and-Morty-App */;
			targetProxy = 7A50E0F629E4515E00E685C7 /* PBXContainerItemProxy */;
		};
		7A50E10129E4515E00E685C7 /* PBXTargetDependency */ = {
			isa = PBXTargetDependency;
			target = 7A50E0E429E4515C00E685C7 /* Rick-and-Morty-App */;
			targetProxy = 7A50E10029E4515E00E685C7 /* PBXContainerItemProxy */;
		};
/* End PBXTargetDependency section */

/* Begin XCBuildConfiguration section */
		7A50E10729E4515E00E685C7 /* Debug */ = {
			isa = XCBuildConfiguration;
			buildSettings = {
				ALWAYS_SEARCH_USER_PATHS = NO;
				CLANG_ANALYZER_NONNULL = YES;
				CLANG_ANALYZER_NUMBER_OBJECT_CONVERSION = YES_AGGRESSIVE;
				CLANG_CXX_LANGUAGE_STANDARD = "gnu++20";
				CLANG_ENABLE_MODULES = YES;
				CLANG_ENABLE_OBJC_ARC = YES;
				CLANG_ENABLE_OBJC_WEAK = YES;
				CLANG_WARN_BLOCK_CAPTURE_AUTORELEASING = YES;
				CLANG_WARN_BOOL_CONVERSION = YES;
				CLANG_WARN_COMMA = YES;
				CLANG_WARN_CONSTANT_CONVERSION = YES;
				CLANG_WARN_DEPRECATED_OBJC_IMPLEMENTATIONS = YES;
				CLANG_WARN_DIRECT_OBJC_ISA_USAGE = YES_ERROR;
				CLANG_WARN_DOCUMENTATION_COMMENTS = YES;
				CLANG_WARN_EMPTY_BODY = YES;
				CLANG_WARN_ENUM_CONVERSION = YES;
				CLANG_WARN_INFINITE_RECURSION = YES;
				CLANG_WARN_INT_CONVERSION = YES;
				CLANG_WARN_NON_LITERAL_NULL_CONVERSION = YES;
				CLANG_WARN_OBJC_IMPLICIT_RETAIN_SELF = YES;
				CLANG_WARN_OBJC_LITERAL_CONVERSION = YES;
				CLANG_WARN_OBJC_ROOT_CLASS = YES_ERROR;
				CLANG_WARN_QUOTED_INCLUDE_IN_FRAMEWORK_HEADER = YES;
				CLANG_WARN_RANGE_LOOP_ANALYSIS = YES;
				CLANG_WARN_STRICT_PROTOTYPES = YES;
				CLANG_WARN_SUSPICIOUS_MOVE = YES;
				CLANG_WARN_UNGUARDED_AVAILABILITY = YES_AGGRESSIVE;
				CLANG_WARN_UNREACHABLE_CODE = YES;
				CLANG_WARN__DUPLICATE_METHOD_MATCH = YES;
				COPY_PHASE_STRIP = NO;
				DEBUG_INFORMATION_FORMAT = dwarf;
				ENABLE_STRICT_OBJC_MSGSEND = YES;
				ENABLE_TESTABILITY = YES;
				GCC_C_LANGUAGE_STANDARD = gnu11;
				GCC_DYNAMIC_NO_PIC = NO;
				GCC_NO_COMMON_BLOCKS = YES;
				GCC_OPTIMIZATION_LEVEL = 0;
				GCC_PREPROCESSOR_DEFINITIONS = (
					"DEBUG=1",
					"$(inherited)",
				);
				GCC_WARN_64_TO_32_BIT_CONVERSION = YES;
				GCC_WARN_ABOUT_RETURN_TYPE = YES_ERROR;
				GCC_WARN_UNDECLARED_SELECTOR = YES;
				GCC_WARN_UNINITIALIZED_AUTOS = YES_AGGRESSIVE;
				GCC_WARN_UNUSED_FUNCTION = YES;
				GCC_WARN_UNUSED_VARIABLE = YES;
				IPHONEOS_DEPLOYMENT_TARGET = 16.2;
				MTL_ENABLE_DEBUG_INFO = INCLUDE_SOURCE;
				MTL_FAST_MATH = YES;
				ONLY_ACTIVE_ARCH = YES;
				SDKROOT = iphoneos;
				SWIFT_ACTIVE_COMPILATION_CONDITIONS = DEBUG;
				SWIFT_OPTIMIZATION_LEVEL = "-Onone";
			};
			name = Debug;
		};
		7A50E10829E4515E00E685C7 /* Release */ = {
			isa = XCBuildConfiguration;
			buildSettings = {
				ALWAYS_SEARCH_USER_PATHS = NO;
				CLANG_ANALYZER_NONNULL = YES;
				CLANG_ANALYZER_NUMBER_OBJECT_CONVERSION = YES_AGGRESSIVE;
				CLANG_CXX_LANGUAGE_STANDARD = "gnu++20";
				CLANG_ENABLE_MODULES = YES;
				CLANG_ENABLE_OBJC_ARC = YES;
				CLANG_ENABLE_OBJC_WEAK = YES;
				CLANG_WARN_BLOCK_CAPTURE_AUTORELEASING = YES;
				CLANG_WARN_BOOL_CONVERSION = YES;
				CLANG_WARN_COMMA = YES;
				CLANG_WARN_CONSTANT_CONVERSION = YES;
				CLANG_WARN_DEPRECATED_OBJC_IMPLEMENTATIONS = YES;
				CLANG_WARN_DIRECT_OBJC_ISA_USAGE = YES_ERROR;
				CLANG_WARN_DOCUMENTATION_COMMENTS = YES;
				CLANG_WARN_EMPTY_BODY = YES;
				CLANG_WARN_ENUM_CONVERSION = YES;
				CLANG_WARN_INFINITE_RECURSION = YES;
				CLANG_WARN_INT_CONVERSION = YES;
				CLANG_WARN_NON_LITERAL_NULL_CONVERSION = YES;
				CLANG_WARN_OBJC_IMPLICIT_RETAIN_SELF = YES;
				CLANG_WARN_OBJC_LITERAL_CONVERSION = YES;
				CLANG_WARN_OBJC_ROOT_CLASS = YES_ERROR;
				CLANG_WARN_QUOTED_INCLUDE_IN_FRAMEWORK_HEADER = YES;
				CLANG_WARN_RANGE_LOOP_ANALYSIS = YES;
				CLANG_WARN_STRICT_PROTOTYPES = YES;
				CLANG_WARN_SUSPICIOUS_MOVE = YES;
				CLANG_WARN_UNGUARDED_AVAILABILITY = YES_AGGRESSIVE;
				CLANG_WARN_UNREACHABLE_CODE = YES;
				CLANG_WARN__DUPLICATE_METHOD_MATCH = YES;
				COPY_PHASE_STRIP = NO;
				DEBUG_INFORMATION_FORMAT = "dwarf-with-dsym";
				ENABLE_NS_ASSERTIONS = NO;
				ENABLE_STRICT_OBJC_MSGSEND = YES;
				GCC_C_LANGUAGE_STANDARD = gnu11;
				GCC_NO_COMMON_BLOCKS = YES;
				GCC_WARN_64_TO_32_BIT_CONVERSION = YES;
				GCC_WARN_ABOUT_RETURN_TYPE = YES_ERROR;
				GCC_WARN_UNDECLARED_SELECTOR = YES;
				GCC_WARN_UNINITIALIZED_AUTOS = YES_AGGRESSIVE;
				GCC_WARN_UNUSED_FUNCTION = YES;
				GCC_WARN_UNUSED_VARIABLE = YES;
				IPHONEOS_DEPLOYMENT_TARGET = 16.2;
				MTL_ENABLE_DEBUG_INFO = NO;
				MTL_FAST_MATH = YES;
				SDKROOT = iphoneos;
				SWIFT_COMPILATION_MODE = wholemodule;
				SWIFT_OPTIMIZATION_LEVEL = "-O";
				VALIDATE_PRODUCT = YES;
			};
			name = Release;
		};
		7A50E10A29E4515E00E685C7 /* Debug */ = {
			isa = XCBuildConfiguration;
			buildSettings = {
				ASSETCATALOG_COMPILER_APPICON_NAME = AppIcon;
				ASSETCATALOG_COMPILER_GLOBAL_ACCENT_COLOR_NAME = AccentColor;
				CODE_SIGN_STYLE = Automatic;
				CURRENT_PROJECT_VERSION = 1;
				DEVELOPMENT_ASSET_PATHS = "\"Rick-and-Morty-App/Preview Content\"";
				DEVELOPMENT_TEAM = 497N7524MA;
				ENABLE_PREVIEWS = YES;
				GENERATE_INFOPLIST_FILE = YES;
				INFOPLIST_KEY_UIApplicationSceneManifest_Generation = YES;
				INFOPLIST_KEY_UIApplicationSupportsIndirectInputEvents = YES;
				INFOPLIST_KEY_UILaunchScreen_Generation = YES;
				INFOPLIST_KEY_UISupportedInterfaceOrientations_iPad = "UIInterfaceOrientationPortrait UIInterfaceOrientationPortraitUpsideDown UIInterfaceOrientationLandscapeLeft UIInterfaceOrientationLandscapeRight";
				INFOPLIST_KEY_UISupportedInterfaceOrientations_iPhone = "UIInterfaceOrientationPortrait UIInterfaceOrientationLandscapeLeft UIInterfaceOrientationLandscapeRight";
				LD_RUNPATH_SEARCH_PATHS = (
					"$(inherited)",
					"@executable_path/Frameworks",
				);
				MARKETING_VERSION = 1.0;
				PRODUCT_BUNDLE_IDENTIFIER = "com.williamsantoso.Rick-and-Morty-App";
				PRODUCT_NAME = "$(TARGET_NAME)";
				SWIFT_EMIT_LOC_STRINGS = YES;
				SWIFT_VERSION = 5.0;
				TARGETED_DEVICE_FAMILY = "1,2";
			};
			name = Debug;
		};
		7A50E10B29E4515E00E685C7 /* Release */ = {
			isa = XCBuildConfiguration;
			buildSettings = {
				ASSETCATALOG_COMPILER_APPICON_NAME = AppIcon;
				ASSETCATALOG_COMPILER_GLOBAL_ACCENT_COLOR_NAME = AccentColor;
				CODE_SIGN_STYLE = Automatic;
				CURRENT_PROJECT_VERSION = 1;
				DEVELOPMENT_ASSET_PATHS = "\"Rick-and-Morty-App/Preview Content\"";
				DEVELOPMENT_TEAM = 497N7524MA;
				ENABLE_PREVIEWS = YES;
				GENERATE_INFOPLIST_FILE = YES;
				INFOPLIST_KEY_UIApplicationSceneManifest_Generation = YES;
				INFOPLIST_KEY_UIApplicationSupportsIndirectInputEvents = YES;
				INFOPLIST_KEY_UILaunchScreen_Generation = YES;
				INFOPLIST_KEY_UISupportedInterfaceOrientations_iPad = "UIInterfaceOrientationPortrait UIInterfaceOrientationPortraitUpsideDown UIInterfaceOrientationLandscapeLeft UIInterfaceOrientationLandscapeRight";
				INFOPLIST_KEY_UISupportedInterfaceOrientations_iPhone = "UIInterfaceOrientationPortrait UIInterfaceOrientationLandscapeLeft UIInterfaceOrientationLandscapeRight";
				LD_RUNPATH_SEARCH_PATHS = (
					"$(inherited)",
					"@executable_path/Frameworks",
				);
				MARKETING_VERSION = 1.0;
				PRODUCT_BUNDLE_IDENTIFIER = "com.williamsantoso.Rick-and-Morty-App";
				PRODUCT_NAME = "$(TARGET_NAME)";
				SWIFT_EMIT_LOC_STRINGS = YES;
				SWIFT_VERSION = 5.0;
				TARGETED_DEVICE_FAMILY = "1,2";
			};
			name = Release;
		};
		7A50E10D29E4515E00E685C7 /* Debug */ = {
			isa = XCBuildConfiguration;
			buildSettings = {
				ALWAYS_EMBED_SWIFT_STANDARD_LIBRARIES = YES;
				BUNDLE_LOADER = "$(TEST_HOST)";
				CODE_SIGN_STYLE = Automatic;
				CURRENT_PROJECT_VERSION = 1;
				DEVELOPMENT_TEAM = 497N7524MA;
				GENERATE_INFOPLIST_FILE = YES;
				IPHONEOS_DEPLOYMENT_TARGET = 16.2;
				MARKETING_VERSION = 1.0;
				PRODUCT_BUNDLE_IDENTIFIER = "com.williamsantoso.Rick-and-Morty-AppTests";
				PRODUCT_NAME = "$(TARGET_NAME)";
				SWIFT_EMIT_LOC_STRINGS = NO;
				SWIFT_VERSION = 5.0;
				TARGETED_DEVICE_FAMILY = "1,2";
				TEST_HOST = "$(BUILT_PRODUCTS_DIR)/Rick-and-Morty-App.app/$(BUNDLE_EXECUTABLE_FOLDER_PATH)/Rick-and-Morty-App";
			};
			name = Debug;
		};
		7A50E10E29E4515E00E685C7 /* Release */ = {
			isa = XCBuildConfiguration;
			buildSettings = {
				ALWAYS_EMBED_SWIFT_STANDARD_LIBRARIES = YES;
				BUNDLE_LOADER = "$(TEST_HOST)";
				CODE_SIGN_STYLE = Automatic;
				CURRENT_PROJECT_VERSION = 1;
				DEVELOPMENT_TEAM = 497N7524MA;
				GENERATE_INFOPLIST_FILE = YES;
				IPHONEOS_DEPLOYMENT_TARGET = 16.2;
				MARKETING_VERSION = 1.0;
				PRODUCT_BUNDLE_IDENTIFIER = "com.williamsantoso.Rick-and-Morty-AppTests";
				PRODUCT_NAME = "$(TARGET_NAME)";
				SWIFT_EMIT_LOC_STRINGS = NO;
				SWIFT_VERSION = 5.0;
				TARGETED_DEVICE_FAMILY = "1,2";
				TEST_HOST = "$(BUILT_PRODUCTS_DIR)/Rick-and-Morty-App.app/$(BUNDLE_EXECUTABLE_FOLDER_PATH)/Rick-and-Morty-App";
			};
			name = Release;
		};
		7A50E11029E4515E00E685C7 /* Debug */ = {
			isa = XCBuildConfiguration;
			buildSettings = {
				ALWAYS_EMBED_SWIFT_STANDARD_LIBRARIES = YES;
				CODE_SIGN_STYLE = Automatic;
				CURRENT_PROJECT_VERSION = 1;
				DEVELOPMENT_TEAM = 497N7524MA;
				GENERATE_INFOPLIST_FILE = YES;
				MARKETING_VERSION = 1.0;
				PRODUCT_BUNDLE_IDENTIFIER = "com.williamsantoso.Rick-and-Morty-AppUITests";
				PRODUCT_NAME = "$(TARGET_NAME)";
				SWIFT_EMIT_LOC_STRINGS = NO;
				SWIFT_VERSION = 5.0;
				TARGETED_DEVICE_FAMILY = "1,2";
				TEST_TARGET_NAME = "Rick-and-Morty-App";
			};
			name = Debug;
		};
		7A50E11129E4515E00E685C7 /* Release */ = {
			isa = XCBuildConfiguration;
			buildSettings = {
				ALWAYS_EMBED_SWIFT_STANDARD_LIBRARIES = YES;
				CODE_SIGN_STYLE = Automatic;
				CURRENT_PROJECT_VERSION = 1;
				DEVELOPMENT_TEAM = 497N7524MA;
				GENERATE_INFOPLIST_FILE = YES;
				MARKETING_VERSION = 1.0;
				PRODUCT_BUNDLE_IDENTIFIER = "com.williamsantoso.Rick-and-Morty-AppUITests";
				PRODUCT_NAME = "$(TARGET_NAME)";
				SWIFT_EMIT_LOC_STRINGS = NO;
				SWIFT_VERSION = 5.0;
				TARGETED_DEVICE_FAMILY = "1,2";
				TEST_TARGET_NAME = "Rick-and-Morty-App";
			};
			name = Release;
		};
/* End XCBuildConfiguration section */

/* Begin XCConfigurationList section */
		7A50E0E029E4515B00E685C7 /* Build configuration list for PBXProject "Rick-and-Morty-App" */ = {
			isa = XCConfigurationList;
			buildConfigurations = (
				7A50E10729E4515E00E685C7 /* Debug */,
				7A50E10829E4515E00E685C7 /* Release */,
			);
			defaultConfigurationIsVisible = 0;
			defaultConfigurationName = Release;
		};
		7A50E10929E4515E00E685C7 /* Build configuration list for PBXNativeTarget "Rick-and-Morty-App" */ = {
			isa = XCConfigurationList;
			buildConfigurations = (
				7A50E10A29E4515E00E685C7 /* Debug */,
				7A50E10B29E4515E00E685C7 /* Release */,
			);
			defaultConfigurationIsVisible = 0;
			defaultConfigurationName = Release;
		};
		7A50E10C29E4515E00E685C7 /* Build configuration list for PBXNativeTarget "Rick-and-Morty-AppTests" */ = {
			isa = XCConfigurationList;
			buildConfigurations = (
				7A50E10D29E4515E00E685C7 /* Debug */,
				7A50E10E29E4515E00E685C7 /* Release */,
			);
			defaultConfigurationIsVisible = 0;
			defaultConfigurationName = Release;
		};
		7A50E10F29E4515E00E685C7 /* Build configuration list for PBXNativeTarget "Rick-and-Morty-AppUITests" */ = {
			isa = XCConfigurationList;
			buildConfigurations = (
				7A50E11029E4515E00E685C7 /* Debug */,
				7A50E11129E4515E00E685C7 /* Release */,
			);
			defaultConfigurationIsVisible = 0;
			defaultConfigurationName = Release;
		};
/* End XCConfigurationList section */
	};
	rootObject = 7A50E0DD29E4515B00E685C7 /* Project object */;
}
